
Microsoft Visual Studio Solution File, Format Version 12.00
# Visual Studio Version 16
VisualStudioVersion = 16.0.31112.23
MinimumVisualStudioVersion = 10.0.40219.1
Project("{FAE04EC0-301F-11D3-BF4B-00C04F79EFBC}") = "TabbTest.UWP", "TabbTest\TabbTest.UWP\TabbTest.UWP.csproj", "{C61BD4D9-119B-440D-8FE8-C6A2E824E84E}"
EndProject
Project("{FAE04EC0-301F-11D3-BF4B-00C04F79EFBC}") = "TabbTest.Android", "TabbTest\TabbTest.Android\TabbTest.Android.csproj", "{EF182565-5681-4322-B54A-6B0B6462A5EB}"
EndProject
Project("{FAE04EC0-301F-11D3-BF4B-00C04F79EFBC}") = "TabbTest", "TabbTest\TabbTest\TabbTest.csproj", "{935B2217-BF50-40A3-8DB4-89F91167D369}"
EndProject
Global
	GlobalSection(SolutionConfigurationPlatforms) = preSolution
		Debug|Any CPU = Debug|Any CPU
		Debug|ARM = Debug|ARM
		Debug|x64 = Debug|x64
		Debug|x86 = Debug|x86
		Release|Any CPU = Release|Any CPU
		Release|ARM = Release|ARM
		Release|x64 = Release|x64
		Release|x86 = Release|x86
	EndGlobalSection
	GlobalSection(ProjectConfigurationPlatforms) = postSolution
		{C61BD4D9-119B-440D-8FE8-C6A2E824E84E}.Debug|Any CPU.ActiveCfg = Debug|x86
		{C61BD4D9-119B-440D-8FE8-C6A2E824E84E}.Debug|Any CPU.Build.0 = Debug|x86
		{C61BD4D9-119B-440D-8FE8-C6A2E824E84E}.Debug|Any CPU.Deploy.0 = Debug|x86
		{C61BD4D9-119B-440D-8FE8-C6A2E824E84E}.Debug|ARM.ActiveCfg = Debug|ARM
		{C61BD4D9-119B-440D-8FE8-C6A2E824E84E}.Debug|ARM.Build.0 = Debug|ARM
		{C61BD4D9-119B-440D-8FE8-C6A2E824E84E}.Debug|ARM.Deploy.0 = Debug|ARM
		{C61BD4D9-119B-440D-8FE8-C6A2E824E84E}.Debug|x64.ActiveCfg = Debug|x64
		{C61BD4D9-119B-440D-8FE8-C6A2E824E84E}.Debug|x64.Build.0 = Debug|x64
		{C61BD4D9-119B-440D-8FE8-C6A2E824E84E}.Debug|x64.Deploy.0 = Debug|x64
		{C61BD4D9-119B-440D-8FE8-C6A2E824E84E}.Debug|x86.ActiveCfg = Debug|x86
		{C61BD4D9-119B-440D-8FE8-C6A2E824E84E}.Debug|x86.Build.0 = Debug|x86
		{C61BD4D9-119B-440D-8FE8-C6A2E824E84E}.Debug|x86.Deploy.0 = Debug|x86
		{C61BD4D9-119B-440D-8FE8-C6A2E824E84E}.Release|Any CPU.ActiveCfg = Release|x86
		{C61BD4D9-119B-440D-8FE8-C6A2E824E84E}.Release|Any CPU.Build.0 = Release|x86
		{C61BD4D9-119B-440D-8FE8-C6A2E824E84E}.Release|Any CPU.Deploy.0 = Release|x86
		{C61BD4D9-119B-440D-8FE8-C6A2E824E84E}.Release|ARM.ActiveCfg = Release|ARM
		{C61BD4D9-119B-440D-8FE8-C6A2E824E84E}.Release|ARM.Build.0 = Release|ARM
		{C61BD4D9-119B-440D-8FE8-C6A2E824E84E}.Release|ARM.Deploy.0 = Release|ARM
		{C61BD4D9-119B-440D-8FE8-C6A2E824E84E}.Release|x64.ActiveCfg = Release|x64
		{C61BD4D9-119B-440D-8FE8-C6A2E824E84E}.Release|x64.Build.0 = Release|x64
		{C61BD4D9-119B-440D-8FE8-C6A2E824E84E}.Release|x64.Deploy.0 = Release|x64
		{C61BD4D9-119B-440D-8FE8-C6A2E824E84E}.Release|x86.ActiveCfg = Release|x86
		{C61BD4D9-119B-440D-8FE8-C6A2E824E84E}.Release|x86.Build.0 = Release|x86
		{C61BD4D9-119B-440D-8FE8-C6A2E824E84E}.Release|x86.Deploy.0 = Release|x86
		{EF182565-5681-4322-B54A-6B0B6462A5EB}.Debug|Any CPU.ActiveCfg = Debug|Any CPU
		{EF182565-5681-4322-B54A-6B0B6462A5EB}.Debug|Any CPU.Build.0 = Debug|Any CPU
		{EF182565-5681-4322-B54A-6B0B6462A5EB}.Debug|Any CPU.Deploy.0 = Debug|Any CPU
		{EF182565-5681-4322-B54A-6B0B6462A5EB}.Debug|ARM.ActiveCfg = Debug|Any CPU
		{EF182565-5681-4322-B54A-6B0B6462A5EB}.Debug|ARM.Build.0 = Debug|Any CPU
		{EF182565-5681-4322-B54A-6B0B6462A5EB}.Debug|ARM.Deploy.0 = Debug|Any CPU
		{EF182565-5681-4322-B54A-6B0B6462A5EB}.Debug|x64.ActiveCfg = Debug|Any CPU
		{EF182565-5681-4322-B54A-6B0B6462A5EB}.Debug|x64.Build.0 = Debug|Any CPU
		{EF182565-5681-4322-B54A-6B0B6462A5EB}.Debug|x64.Deploy.0 = Debug|Any CPU
		{EF182565-5681-4322-B54A-6B0B6462A5EB}.Debug|x86.ActiveCfg = Debug|Any CPU
		{EF182565-5681-4322-B54A-6B0B6462A5EB}.Debug|x86.Build.0 = Debug|Any CPU
		{EF182565-5681-4322-B54A-6B0B6462A5EB}.Debug|x86.Deploy.0 = Debug|Any CPU
		{EF182565-5681-4322-B54A-6B0B6462A5EB}.Release|Any CPU.ActiveCfg = Release|Any CPU
		{EF182565-5681-4322-B54A-6B0B6462A5EB}.Release|Any CPU.Build.0 = Release|Any CPU
		{EF182565-5681-4322-B54A-6B0B6462A5EB}.Release|Any CPU.Deploy.0 = Release|Any CPU
		{EF182565-5681-4322-B54A-6B0B6462A5EB}.Release|ARM.ActiveCfg = Release|Any CPU
		{EF182565-5681-4322-B54A-6B0B6462A5EB}.Release|ARM.Build.0 = Release|Any CPU
		{EF182565-5681-4322-B54A-6B0B6462A5EB}.Release|ARM.Deploy.0 = Release|Any CPU
		{EF182565-5681-4322-B54A-6B0B6462A5EB}.Release|x64.ActiveCfg = Release|Any CPU
		{EF182565-5681-4322-B54A-6B0B6462A5EB}.Release|x64.Build.0 = Release|Any CPU
		{EF182565-5681-4322-B54A-6B0B6462A5EB}.Release|x64.Deploy.0 = Release|Any CPU
		{EF182565-5681-4322-B54A-6B0B6462A5EB}.Release|x86.ActiveCfg = Release|Any CPU
		{EF182565-5681-4322-B54A-6B0B6462A5EB}.Release|x86.Build.0 = Release|Any CPU
		{EF182565-5681-4322-B54A-6B0B6462A5EB}.Release|x86.Deploy.0 = Release|Any CPU
		{935B2217-BF50-40A3-8DB4-89F91167D369}.Debug|Any CPU.ActiveCfg = Debug|Any CPU
		{935B2217-BF50-40A3-8DB4-89F91167D369}.Debug|Any CPU.Build.0 = Debug|Any CPU
		{935B2217-BF50-40A3-8DB4-89F91167D369}.Debug|Any CPU.Deploy.0 = Debug|Any CPU
		{935B2217-BF50-40A3-8DB4-89F91167D369}.Debug|ARM.ActiveCfg = Debug|Any CPU
		{935B2217-BF50-40A3-8DB4-89F91167D369}.Debug|ARM.Build.0 = Debug|Any CPU
		{935B2217-BF50-40A3-8DB4-89F91167D369}.Debug|ARM.Deploy.0 = Debug|Any CPU
		{935B2217-BF50-40A3-8DB4-89F91167D369}.Debug|x64.ActiveCfg = Debug|Any CPU
		{935B2217-BF50-40A3-8DB4-89F91167D369}.Debug|x64.Build.0 = Debug|Any CPU
		{935B2217-BF50-40A3-8DB4-89F91167D369}.Debug|x64.Deploy.0 = Debug|Any CPU
		{935B2217-BF50-40A3-8DB4-89F91167D369}.Debug|x86.ActiveCfg = Debug|Any CPU
		{935B2217-BF50-40A3-8DB4-89F91167D369}.Debug|x86.Build.0 = Debug|Any CPU
		{935B2217-BF50-40A3-8DB4-89F91167D369}.Debug|x86.Deploy.0 = Debug|Any CPU
		{935B2217-BF50-40A3-8DB4-89F91167D369}.Release|Any CPU.ActiveCfg = Release|Any CPU
		{935B2217-BF50-40A3-8DB4-89F91167D369}.Release|Any CPU.Build.0 = Release|Any CPU
		{935B2217-BF50-40A3-8DB4-89F91167D369}.Release|Any CPU.Deploy.0 = Release|Any CPU
		{935B2217-BF50-40A3-8DB4-89F91167D369}.Release|ARM.ActiveCfg = Release|Any CPU
		{935B2217-BF50-40A3-8DB4-89F91167D369}.Release|ARM.Build.0 = Release|Any CPU
		{935B2217-BF50-40A3-8DB4-89F91167D369}.Release|ARM.Deploy.0 = Release|Any CPU
		{935B2217-BF50-40A3-8DB4-89F91167D369}.Release|x64.ActiveCfg = Release|Any CPU
		{935B2217-BF50-40A3-8DB4-89F91167D369}.Release|x64.Build.0 = Release|Any CPU
		{935B2217-BF50-40A3-8DB4-89F91167D369}.Release|x64.Deploy.0 = Release|Any CPU
		{935B2217-BF50-40A3-8DB4-89F91167D369}.Release|x86.ActiveCfg = Release|Any CPU
		{935B2217-BF50-40A3-8DB4-89F91167D369}.Release|x86.Build.0 = Release|Any CPU
		{935B2217-BF50-40A3-8DB4-89F91167D369}.Release|x86.Deploy.0 = Release|Any CPU
	EndGlobalSection
	GlobalSection(SolutionProperties) = preSolution
		HideSolutionNode = FALSE
	EndGlobalSection
	GlobalSection(ExtensibilityGlobals) = postSolution
		SolutionGuid = {52AB61AA-4A47-4184-88DD-E2CDD37729B1}
	EndGlobalSection
EndGlobal
